
Microsoft Visual Studio Solution File, Format Version 12.00
# Visual Studio 15
VisualStudioVersion = 15.0.26730.16
MinimumVisualStudioVersion = 10.0.40219.1
Project("{FAE04EC0-301F-11D3-BF4B-00C04F79EFBC}") = "WeddingAzure", "WeddingAzure\WeddingAzure.csproj", "{7D51759B-7E3A-4F66-BE8C-D053F34DCDD6}"
EndProject
Project("{FAE04EC0-301F-11D3-BF4B-00C04F79EFBC}") = "WeddingAzure.Tests", "WeddingAzure.Tests\WeddingAzure.Tests.csproj", "{0F21C647-6459-481E-9296-3A2FBA16D417}"
EndProject
Global
	GlobalSection(SolutionConfigurationPlatforms) = preSolution
		Debug|Any CPU = Debug|Any CPU
		Release|Any CPU = Release|Any CPU
	EndGlobalSection
	GlobalSection(ProjectConfigurationPlatforms) = postSolution
		{7D51759B-7E3A-4F66-BE8C-D053F34DCDD6}.Debug|Any CPU.ActiveCfg = Debug|Any CPU
		{7D51759B-7E3A-4F66-BE8C-D053F34DCDD6}.Debug|Any CPU.Build.0 = Debug|Any CPU
		{7D51759B-7E3A-4F66-BE8C-D053F34DCDD6}.Release|Any CPU.ActiveCfg = Release|Any CPU
		{7D51759B-7E3A-4F66-BE8C-D053F34DCDD6}.Release|Any CPU.Build.0 = Release|Any CPU
		{0F21C647-6459-481E-9296-3A2FBA16D417}.Debug|Any CPU.ActiveCfg = Debug|Any CPU
		{0F21C647-6459-481E-9296-3A2FBA16D417}.Debug|Any CPU.Build.0 = Debug|Any CPU
		{0F21C647-6459-481E-9296-3A2FBA16D417}.Release|Any CPU.ActiveCfg = Release|Any CPU
		{0F21C647-6459-481E-9296-3A2FBA16D417}.Release|Any CPU.Build.0 = Release|Any CPU
	EndGlobalSection
	GlobalSection(SolutionProperties) = preSolution
		HideSolutionNode = FALSE
	EndGlobalSection
	GlobalSection(ExtensibilityGlobals) = postSolution
		SolutionGuid = {70760D02-F58F-491C-9F6A-E52A2FF24AA9}
	EndGlobalSection
EndGlobal
